
Microsoft Visual Studio Solution File, Format Version 10.00
# Visual Studio 2008
Project("{8BC9CEB8-8B4A-11D0-8D11-00A0C91BC942}") = "Deep", "Deep.vcproj", "{390C0590-8D01-4E40-84D1-4C9590B139DE}"
EndProject
Global
	GlobalSection(SolutionConfigurationPlatforms) = preSolution
		Debug|Win32 = Debug|Win32
		Release|Win32 = Release|Win32
	EndGlobalSection
	GlobalSection(ProjectConfigurationPlatforms) = postSolution
		{390C0590-8D01-4E40-84D1-4C9590B139DE}.Debug|Win32.ActiveCfg = Debug|Win32
		{390C0590-8D01-4E40-84D1-4C9590B139DE}.Debug|Win32.Build.0 = Debug|Win32
		{390C0590-8D01-4E40-84D1-4C9590B139DE}.Release|Win32.ActiveCfg = Release|Win32
		{390C0590-8D01-4E40-84D1-4C9590B139DE}.Release|Win32.Build.0 = Release|Win32
	EndGlobalSection
	GlobalSection(SolutionProperties) = preSolution
		HideSolutionNode = FALSE
	EndGlobalSection
EndGlobal
