
Microsoft Visual Studio Solution File, Format Version 10.00
# Visual Studio 2008
Project("{8BC9CEB8-8B4A-11D0-8D11-00A0C91BC942}") = "Given", "Given.vcproj", "{82B558D9-05F9-410C-974A-7F28426BD7E1}"
EndProject
Global
	GlobalSection(SolutionConfigurationPlatforms) = preSolution
		Debug|Win32 = Debug|Win32
		Release|Win32 = Release|Win32
	EndGlobalSection
	GlobalSection(ProjectConfigurationPlatforms) = postSolution
		{82B558D9-05F9-410C-974A-7F28426BD7E1}.Debug|Win32.ActiveCfg = Debug|Win32
		{82B558D9-05F9-410C-974A-7F28426BD7E1}.Debug|Win32.Build.0 = Debug|Win32
		{82B558D9-05F9-410C-974A-7F28426BD7E1}.Release|Win32.ActiveCfg = Release|Win32
		{82B558D9-05F9-410C-974A-7F28426BD7E1}.Release|Win32.Build.0 = Release|Win32
	EndGlobalSection
	GlobalSection(SolutionProperties) = preSolution
		HideSolutionNode = FALSE
	EndGlobalSection
EndGlobal
