
Microsoft Visual Studio Solution File, Format Version 9.00
# Visual Studio 2005
Project("{8BC9CEB8-8B4A-11D0-8D11-00A0C91BC942}") = "600", "600.vcproj", "{810ED2D9-8003-4083-B738-20D7A1F3C2FF}"
EndProject
Global
	GlobalSection(SolutionConfigurationPlatforms) = preSolution
		Debug|Win32 = Debug|Win32
		Release|Win32 = Release|Win32
	EndGlobalSection
	GlobalSection(ProjectConfigurationPlatforms) = postSolution
		{810ED2D9-8003-4083-B738-20D7A1F3C2FF}.Debug|Win32.ActiveCfg = Debug|Win32
		{810ED2D9-8003-4083-B738-20D7A1F3C2FF}.Debug|Win32.Build.0 = Debug|Win32
		{810ED2D9-8003-4083-B738-20D7A1F3C2FF}.Release|Win32.ActiveCfg = Release|Win32
		{810ED2D9-8003-4083-B738-20D7A1F3C2FF}.Release|Win32.Build.0 = Release|Win32
	EndGlobalSection
	GlobalSection(SolutionProperties) = preSolution
		HideSolutionNode = FALSE
	EndGlobalSection
EndGlobal
